
Microsoft Visual Studio Solution File, Format Version 12.00
# Visual Studio Version 17
VisualStudioVersion = 17.0.31903.59
MinimumVisualStudioVersion = 10.0.40219.1
Project("{2150E333-8FDC-42A3-9474-1A3956D46DE8}") = "src", "src", "{CFC4D0C0-4281-4BE7-BE33-E4E1BF27CC2E}"
EndProject
Project("{2150E333-8FDC-42A3-9474-1A3956D46DE8}") = "Services", "Services", "{34EB13DA-3336-47BF-8B1B-071C0FE74A55}"
EndProject
Project("{9A19103F-16F7-4668-BE54-9A1E7A4F7556}") = "Ecommerce.Account.API", "src\Services\Ecommerce.Account.API\Ecommerce.Account.API.csproj", "{3ED7F14A-1D06-4A00-B638-7933BE9D6602}"
EndProject
Project("{9A19103F-16F7-4668-BE54-9A1E7A4F7556}") = "Ecommerce.Catalog.API", "src\Services\Ecommerce.Catalog.API\Ecommerce.Catalog.API.csproj", "{25FEBBF7-4F90-4347-ADC5-CD075B3C1D97}"
EndProject
Project("{9A19103F-16F7-4668-BE54-9A1E7A4F7556}") = "Ecommerce.Orders.API", "src\Services\Ordering\Ecommerce.Orders.API\Ecommerce.Orders.API.csproj", "{EFB5A1AB-0885-47AF-B884-53542B229DB5}"
EndProject
Project("{2150E333-8FDC-42A3-9474-1A3956D46DE8}") = "Shared", "Shared", "{0ACB4696-A795-4BE1-AC37-6FCFFC638AE8}"
EndProject
Project("{9A19103F-16F7-4668-BE54-9A1E7A4F7556}") = "Ecommerce.Shared", "src\Shared\Ecommerce.Shared\Ecommerce.Shared.csproj", "{68B1E326-8F9F-49C6-A838-88206024EA07}"
EndProject
Project("{2150E333-8FDC-42A3-9474-1A3956D46DE8}") = "Tests", "Tests", "{81B05637-08F0-487D-A8F6-5D0F0FCA6B00}"
EndProject
Project("{9A19103F-16F7-4668-BE54-9A1E7A4F7556}") = "Ecommerce.UnitTests", "src\Tests\Ecommerce.UnitTests\Ecommerce.UnitTests.csproj", "{CE7A8C80-9717-4AE8-93DF-7C807BA11C86}"
EndProject
Project("{9A19103F-16F7-4668-BE54-9A1E7A4F7556}") = "Ecommerce.Identity.API", "src\Services\Ecommerce.Identity.API\Ecommerce.Identity.API.csproj", "{CAD419C8-6FFA-4267-9100-DC0D6804461A}"
EndProject
Project("{2150E333-8FDC-42A3-9474-1A3956D46DE8}") = "Solution Items", "Solution Items", "{EEDF0316-CF63-41C8-A9F1-6ADF66DA9B22}"
	ProjectSection(SolutionItems) = preProject
		docker-compose.yml = docker-compose.yml
		src\Services\Ecommerce.Identity.API\Dockerfile = src\Services\Ecommerce.Identity.API\Dockerfile
	EndProjectSection
EndProject
Project("{2150E333-8FDC-42A3-9474-1A3956D46DE8}") = "BuildingBlocks", "BuildingBlocks", "{1A047457-ED2E-4441-B384-C04D56CC9BEA}"
EndProject
Project("{9A19103F-16F7-4668-BE54-9A1E7A4F7556}") = "EventBus.Messages", "src\BuildingBlocks\EventBus.Messages\EventBus.Messages.csproj", "{F329B6C1-AF97-4C56-8DC8-8DE0BCDAC0E7}"
EndProject
Project("{2150E333-8FDC-42A3-9474-1A3956D46DE8}") = "Ordering", "Ordering", "{65C0DD80-D5A6-45B2-954F-35805EB75FD9}"
EndProject
Project("{9A19103F-16F7-4668-BE54-9A1E7A4F7556}") = "Ecommerce.Orders.Domain", "src\Services\Ordering\Ecommerce.Orders.Domain\Ecommerce.Orders.Domain.csproj", "{2D07D403-5FA6-492F-9AE6-F1F06519F903}"
EndProject
Project("{9A19103F-16F7-4668-BE54-9A1E7A4F7556}") = "Ecommerce.Orders.Application", "src\Services\Ordering\Ecommerce.Orders.Application\Ecommerce.Orders.Application.csproj", "{F3A7584E-D029-4EB7-8AB2-BA8A06D579A8}"
EndProject
Project("{9A19103F-16F7-4668-BE54-9A1E7A4F7556}") = "Ecommerce.Orders.Infrastructure", "src\Services\Ordering\Ecommerce.Orders.Infrastructure\Ecommerce.Orders.Infrastructure.csproj", "{169FE00F-7855-4232-990C-F703649FE749}"
EndProject
Project("{FAE04EC0-301F-11D3-BF4B-00C04F79EFBC}") = "Ecommerce.Cart.API", "src\Services\Ecommerce.Cart.API\Ecommerce.Cart.API.csproj", "{0343A8DB-BCB2-468E-985E-4B2B316B399E}"
EndProject
Global
	GlobalSection(SolutionConfigurationPlatforms) = preSolution
		Debug|Any CPU = Debug|Any CPU
		Release|Any CPU = Release|Any CPU
	EndGlobalSection
	GlobalSection(ProjectConfigurationPlatforms) = postSolution
		{3ED7F14A-1D06-4A00-B638-7933BE9D6602}.Debug|Any CPU.ActiveCfg = Debug|Any CPU
		{3ED7F14A-1D06-4A00-B638-7933BE9D6602}.Debug|Any CPU.Build.0 = Debug|Any CPU
		{3ED7F14A-1D06-4A00-B638-7933BE9D6602}.Release|Any CPU.ActiveCfg = Release|Any CPU
		{3ED7F14A-1D06-4A00-B638-7933BE9D6602}.Release|Any CPU.Build.0 = Release|Any CPU
		{25FEBBF7-4F90-4347-ADC5-CD075B3C1D97}.Debug|Any CPU.ActiveCfg = Debug|Any CPU
		{25FEBBF7-4F90-4347-ADC5-CD075B3C1D97}.Debug|Any CPU.Build.0 = Debug|Any CPU
		{25FEBBF7-4F90-4347-ADC5-CD075B3C1D97}.Release|Any CPU.ActiveCfg = Release|Any CPU
		{25FEBBF7-4F90-4347-ADC5-CD075B3C1D97}.Release|Any CPU.Build.0 = Release|Any CPU
		{EFB5A1AB-0885-47AF-B884-53542B229DB5}.Debug|Any CPU.ActiveCfg = Debug|Any CPU
		{EFB5A1AB-0885-47AF-B884-53542B229DB5}.Debug|Any CPU.Build.0 = Debug|Any CPU
		{EFB5A1AB-0885-47AF-B884-53542B229DB5}.Release|Any CPU.ActiveCfg = Release|Any CPU
		{EFB5A1AB-0885-47AF-B884-53542B229DB5}.Release|Any CPU.Build.0 = Release|Any CPU
		{68B1E326-8F9F-49C6-A838-88206024EA07}.Debug|Any CPU.ActiveCfg = Debug|Any CPU
		{68B1E326-8F9F-49C6-A838-88206024EA07}.Debug|Any CPU.Build.0 = Debug|Any CPU
		{68B1E326-8F9F-49C6-A838-88206024EA07}.Release|Any CPU.ActiveCfg = Release|Any CPU
		{68B1E326-8F9F-49C6-A838-88206024EA07}.Release|Any CPU.Build.0 = Release|Any CPU
		{CE7A8C80-9717-4AE8-93DF-7C807BA11C86}.Debug|Any CPU.ActiveCfg = Debug|Any CPU
		{CE7A8C80-9717-4AE8-93DF-7C807BA11C86}.Debug|Any CPU.Build.0 = Debug|Any CPU
		{CE7A8C80-9717-4AE8-93DF-7C807BA11C86}.Release|Any CPU.ActiveCfg = Release|Any CPU
		{CE7A8C80-9717-4AE8-93DF-7C807BA11C86}.Release|Any CPU.Build.0 = Release|Any CPU
		{CAD419C8-6FFA-4267-9100-DC0D6804461A}.Debug|Any CPU.ActiveCfg = Debug|Any CPU
		{CAD419C8-6FFA-4267-9100-DC0D6804461A}.Debug|Any CPU.Build.0 = Debug|Any CPU
		{CAD419C8-6FFA-4267-9100-DC0D6804461A}.Release|Any CPU.ActiveCfg = Release|Any CPU
		{CAD419C8-6FFA-4267-9100-DC0D6804461A}.Release|Any CPU.Build.0 = Release|Any CPU
		{F329B6C1-AF97-4C56-8DC8-8DE0BCDAC0E7}.Debug|Any CPU.ActiveCfg = Debug|Any CPU
		{F329B6C1-AF97-4C56-8DC8-8DE0BCDAC0E7}.Debug|Any CPU.Build.0 = Debug|Any CPU
		{F329B6C1-AF97-4C56-8DC8-8DE0BCDAC0E7}.Release|Any CPU.ActiveCfg = Release|Any CPU
		{F329B6C1-AF97-4C56-8DC8-8DE0BCDAC0E7}.Release|Any CPU.Build.0 = Release|Any CPU
		{2D07D403-5FA6-492F-9AE6-F1F06519F903}.Debug|Any CPU.ActiveCfg = Debug|Any CPU
		{2D07D403-5FA6-492F-9AE6-F1F06519F903}.Debug|Any CPU.Build.0 = Debug|Any CPU
		{2D07D403-5FA6-492F-9AE6-F1F06519F903}.Release|Any CPU.ActiveCfg = Release|Any CPU
		{2D07D403-5FA6-492F-9AE6-F1F06519F903}.Release|Any CPU.Build.0 = Release|Any CPU
		{F3A7584E-D029-4EB7-8AB2-BA8A06D579A8}.Debug|Any CPU.ActiveCfg = Debug|Any CPU
		{F3A7584E-D029-4EB7-8AB2-BA8A06D579A8}.Debug|Any CPU.Build.0 = Debug|Any CPU
		{F3A7584E-D029-4EB7-8AB2-BA8A06D579A8}.Release|Any CPU.ActiveCfg = Release|Any CPU
		{F3A7584E-D029-4EB7-8AB2-BA8A06D579A8}.Release|Any CPU.Build.0 = Release|Any CPU
		{169FE00F-7855-4232-990C-F703649FE749}.Debug|Any CPU.ActiveCfg = Debug|Any CPU
		{169FE00F-7855-4232-990C-F703649FE749}.Debug|Any CPU.Build.0 = Debug|Any CPU
		{169FE00F-7855-4232-990C-F703649FE749}.Release|Any CPU.ActiveCfg = Release|Any CPU
		{169FE00F-7855-4232-990C-F703649FE749}.Release|Any CPU.Build.0 = Release|Any CPU
		{0343A8DB-BCB2-468E-985E-4B2B316B399E}.Debug|Any CPU.ActiveCfg = Debug|Any CPU
		{0343A8DB-BCB2-468E-985E-4B2B316B399E}.Debug|Any CPU.Build.0 = Debug|Any CPU
		{0343A8DB-BCB2-468E-985E-4B2B316B399E}.Release|Any CPU.ActiveCfg = Release|Any CPU
		{0343A8DB-BCB2-468E-985E-4B2B316B399E}.Release|Any CPU.Build.0 = Release|Any CPU
	EndGlobalSection
	GlobalSection(SolutionProperties) = preSolution
		HideSolutionNode = FALSE
	EndGlobalSection
	GlobalSection(NestedProjects) = preSolution
		{34EB13DA-3336-47BF-8B1B-071C0FE74A55} = {CFC4D0C0-4281-4BE7-BE33-E4E1BF27CC2E}
		{3ED7F14A-1D06-4A00-B638-7933BE9D6602} = {34EB13DA-3336-47BF-8B1B-071C0FE74A55}
		{25FEBBF7-4F90-4347-ADC5-CD075B3C1D97} = {34EB13DA-3336-47BF-8B1B-071C0FE74A55}
		{EFB5A1AB-0885-47AF-B884-53542B229DB5} = {65C0DD80-D5A6-45B2-954F-35805EB75FD9}
		{0ACB4696-A795-4BE1-AC37-6FCFFC638AE8} = {CFC4D0C0-4281-4BE7-BE33-E4E1BF27CC2E}
		{68B1E326-8F9F-49C6-A838-88206024EA07} = {0ACB4696-A795-4BE1-AC37-6FCFFC638AE8}
		{81B05637-08F0-487D-A8F6-5D0F0FCA6B00} = {CFC4D0C0-4281-4BE7-BE33-E4E1BF27CC2E}
		{CE7A8C80-9717-4AE8-93DF-7C807BA11C86} = {81B05637-08F0-487D-A8F6-5D0F0FCA6B00}
		{CAD419C8-6FFA-4267-9100-DC0D6804461A} = {34EB13DA-3336-47BF-8B1B-071C0FE74A55}
		{1A047457-ED2E-4441-B384-C04D56CC9BEA} = {CFC4D0C0-4281-4BE7-BE33-E4E1BF27CC2E}
		{F329B6C1-AF97-4C56-8DC8-8DE0BCDAC0E7} = {1A047457-ED2E-4441-B384-C04D56CC9BEA}
		{65C0DD80-D5A6-45B2-954F-35805EB75FD9} = {34EB13DA-3336-47BF-8B1B-071C0FE74A55}
		{2D07D403-5FA6-492F-9AE6-F1F06519F903} = {65C0DD80-D5A6-45B2-954F-35805EB75FD9}
		{F3A7584E-D029-4EB7-8AB2-BA8A06D579A8} = {65C0DD80-D5A6-45B2-954F-35805EB75FD9}
		{169FE00F-7855-4232-990C-F703649FE749} = {65C0DD80-D5A6-45B2-954F-35805EB75FD9}
		{0343A8DB-BCB2-468E-985E-4B2B316B399E} = {34EB13DA-3336-47BF-8B1B-071C0FE74A55}
	EndGlobalSection
	GlobalSection(ExtensibilityGlobals) = postSolution
		SolutionGuid = {4F55B33E-51A6-4C23-B247-0C25D1B1BF6F}
	EndGlobalSection
EndGlobal
