
Microsoft Visual Studio Solution File, Format Version 12.00
# Visual Studio Version 17
VisualStudioVersion = 17.0.31903.59
MinimumVisualStudioVersion = 10.0.40219.1
Project("{2150E333-8FDC-42A3-9474-1A3956D46DE8}") = "Services", "Services", "{8EC2215F-5C24-4B28-8832-79B61B4E0183}"
EndProject
Project("{9A19103F-16F7-4668-BE54-9A1E7A4F7556}") = "Ecommerce.Account.API", "Services\Ecommerce.Account.API\Ecommerce.Account.API.csproj", "{58FF9974-05EF-4B76-847C-208864549566}"
EndProject
Project("{9A19103F-16F7-4668-BE54-9A1E7A4F7556}") = "Ecommerce.Orders.API", "Services\Ecommerce.Orders.API\Ecommerce.Orders.API.csproj", "{B56FD554-12A3-4106-B52E-6EB0C35B7BC5}"
EndProject
Project("{2150E333-8FDC-42A3-9474-1A3956D46DE8}") = "Tests", "Tests", "{4882A3B7-369A-464D-BCF4-6A9312B0CBA2}"
EndProject
Project("{9A19103F-16F7-4668-BE54-9A1E7A4F7556}") = "Ecommerce.UnitTests", "Tests\Ecommerce.UnitTests\Ecommerce.UnitTests.csproj", "{DCAB6F40-34EB-4A3E-9200-A1C6C18F9B16}"
EndProject
Project("{2150E333-8FDC-42A3-9474-1A3956D46DE8}") = "Shared", "Shared", "{26AADDFE-06CD-41E9-971E-01F5E1A727A6}"
EndProject
Project("{9A19103F-16F7-4668-BE54-9A1E7A4F7556}") = "Ecommerce.Shared", "Shared\Ecommerce.Shared\Ecommerce.Shared.csproj", "{57A2DEEC-085E-424F-983B-EBE2347929ED}"
EndProject
Project("{9A19103F-16F7-4668-BE54-9A1E7A4F7556}") = "Ecommerce.Catalog.API", "Services\Ecommerce.Catalog.API\Ecommerce.Catalog.API.csproj", "{EBA85961-3611-4B42-8C63-4DA6A88DEDB3}"
EndProject
Project("{2150E333-8FDC-42A3-9474-1A3956D46DE8}") = "Constants", "Constants", "{C629697F-5FAE-463F-BE49-9541E558B39C}"
	ProjectSection(SolutionItems) = preProject
		Services\Ecommerce.Catalog.API\Constants.cs = Services\Ecommerce.Catalog.API\Constants.cs
	EndProjectSection
EndProject
Global
	GlobalSection(SolutionConfigurationPlatforms) = preSolution
		Debug|Any CPU = Debug|Any CPU
		Release|Any CPU = Release|Any CPU
	EndGlobalSection
	GlobalSection(ProjectConfigurationPlatforms) = postSolution
		{58FF9974-05EF-4B76-847C-208864549566}.Debug|Any CPU.ActiveCfg = Debug|Any CPU
		{58FF9974-05EF-4B76-847C-208864549566}.Debug|Any CPU.Build.0 = Debug|Any CPU
		{58FF9974-05EF-4B76-847C-208864549566}.Release|Any CPU.ActiveCfg = Release|Any CPU
		{58FF9974-05EF-4B76-847C-208864549566}.Release|Any CPU.Build.0 = Release|Any CPU
		{B56FD554-12A3-4106-B52E-6EB0C35B7BC5}.Debug|Any CPU.ActiveCfg = Debug|Any CPU
		{B56FD554-12A3-4106-B52E-6EB0C35B7BC5}.Debug|Any CPU.Build.0 = Debug|Any CPU
		{B56FD554-12A3-4106-B52E-6EB0C35B7BC5}.Release|Any CPU.ActiveCfg = Release|Any CPU
		{B56FD554-12A3-4106-B52E-6EB0C35B7BC5}.Release|Any CPU.Build.0 = Release|Any CPU
		{DCAB6F40-34EB-4A3E-9200-A1C6C18F9B16}.Debug|Any CPU.ActiveCfg = Debug|Any CPU
		{DCAB6F40-34EB-4A3E-9200-A1C6C18F9B16}.Debug|Any CPU.Build.0 = Debug|Any CPU
		{DCAB6F40-34EB-4A3E-9200-A1C6C18F9B16}.Release|Any CPU.ActiveCfg = Release|Any CPU
		{DCAB6F40-34EB-4A3E-9200-A1C6C18F9B16}.Release|Any CPU.Build.0 = Release|Any CPU
		{57A2DEEC-085E-424F-983B-EBE2347929ED}.Debug|Any CPU.ActiveCfg = Debug|Any CPU
		{57A2DEEC-085E-424F-983B-EBE2347929ED}.Debug|Any CPU.Build.0 = Debug|Any CPU
		{57A2DEEC-085E-424F-983B-EBE2347929ED}.Release|Any CPU.ActiveCfg = Release|Any CPU
		{57A2DEEC-085E-424F-983B-EBE2347929ED}.Release|Any CPU.Build.0 = Release|Any CPU
		{EBA85961-3611-4B42-8C63-4DA6A88DEDB3}.Debug|Any CPU.ActiveCfg = Debug|Any CPU
		{EBA85961-3611-4B42-8C63-4DA6A88DEDB3}.Debug|Any CPU.Build.0 = Debug|Any CPU
		{EBA85961-3611-4B42-8C63-4DA6A88DEDB3}.Release|Any CPU.ActiveCfg = Release|Any CPU
		{EBA85961-3611-4B42-8C63-4DA6A88DEDB3}.Release|Any CPU.Build.0 = Release|Any CPU
	EndGlobalSection
	GlobalSection(SolutionProperties) = preSolution
		HideSolutionNode = FALSE
	EndGlobalSection
	GlobalSection(NestedProjects) = preSolution
		{58FF9974-05EF-4B76-847C-208864549566} = {8EC2215F-5C24-4B28-8832-79B61B4E0183}
		{B56FD554-12A3-4106-B52E-6EB0C35B7BC5} = {8EC2215F-5C24-4B28-8832-79B61B4E0183}
		{DCAB6F40-34EB-4A3E-9200-A1C6C18F9B16} = {4882A3B7-369A-464D-BCF4-6A9312B0CBA2}
		{57A2DEEC-085E-424F-983B-EBE2347929ED} = {26AADDFE-06CD-41E9-971E-01F5E1A727A6}
		{EBA85961-3611-4B42-8C63-4DA6A88DEDB3} = {8EC2215F-5C24-4B28-8832-79B61B4E0183}
		{C629697F-5FAE-463F-BE49-9541E558B39C} = {26AADDFE-06CD-41E9-971E-01F5E1A727A6}
	EndGlobalSection
	GlobalSection(ExtensibilityGlobals) = postSolution
		SolutionGuid = {EA642C0E-0E2B-47E7-AD86-EA9F64170029}
	EndGlobalSection
EndGlobal
